Microsoft Visual Studio Solution File, Format Version 11.00
# Visual Studio 2010
Project("{2150E333-8FDC-42A3-9474-1A3956D46DE8}") = "lib", "lib", "{9F21EEB8-8B1E-4415-88A8-99113787DC64}"
EndProject
Project("{FAE04EC0-301F-11D3-BF4B-00C04F79EFBC}") = "FREditor", "FREditor\FREditor.csproj", "{B4A19578-99BF-4678-9B23-652DC037EC1B}"
EndProject
Project("{FAE04EC0-301F-11D3-BF4B-00C04F79EFBC}") = "Common.Tools", "Common.Tools\Common.Tools\Common.Tools.csproj", "{72AFCFE8-C9E9-45FA-9698-BEE896A517A3}"
EndProject
Project("{FAE04EC0-301F-11D3-BF4B-00C04F79EFBC}") = "Common.Tools.Tests", "Common.Tools\Common.Tools.Test\Common.Tools.Tests.csproj", "{A2C4864F-8976-4C5B-A2BF-60AE31749BB7}"
EndProject
Project("{FAE04EC0-301F-11D3-BF4B-00C04F79EFBC}") = "FREditor.Test", "FREditor.Test\FREditor.Test.csproj", "{3BAD982E-8048-45DE-8B91-4BE885C66816}"
EndProject
Project("{FAE04EC0-301F-11D3-BF4B-00C04F79EFBC}") = "Test.Support", "Test.Support\Test.Support\Test.Support.csproj", "{A215E837-1208-49E3-AF93-A9612223122C}"
EndProject
Global
	GlobalSection(SolutionConfigurationPlatforms) = preSolution
		Debug|Any CPU = Debug|Any CPU
		Debug|x86 = Debug|x86
		Release|Any CPU = Release|Any CPU
		Release|x86 = Release|x86
	EndGlobalSection
	GlobalSection(ProjectConfigurationPlatforms) = postSolution
		{B4A19578-99BF-4678-9B23-652DC037EC1B}.Debug|Any CPU.ActiveCfg = Debug|x86
		{B4A19578-99BF-4678-9B23-652DC037EC1B}.Debug|Any CPU.Build.0 = Debug|x86
		{B4A19578-99BF-4678-9B23-652DC037EC1B}.Debug|x86.ActiveCfg = Debug|x86
		{B4A19578-99BF-4678-9B23-652DC037EC1B}.Debug|x86.Build.0 = Debug|x86
		{B4A19578-99BF-4678-9B23-652DC037EC1B}.Release|Any CPU.ActiveCfg = Release|Any CPU
		{B4A19578-99BF-4678-9B23-652DC037EC1B}.Release|Any CPU.Build.0 = Release|Any CPU
		{B4A19578-99BF-4678-9B23-652DC037EC1B}.Release|x86.ActiveCfg = Release|x86
		{B4A19578-99BF-4678-9B23-652DC037EC1B}.Release|x86.Build.0 = Release|x86
		{72AFCFE8-C9E9-45FA-9698-BEE896A517A3}.Debug|Any CPU.ActiveCfg = Debug|Any CPU
		{72AFCFE8-C9E9-45FA-9698-BEE896A517A3}.Debug|Any CPU.Build.0 = Debug|Any CPU
		{72AFCFE8-C9E9-45FA-9698-BEE896A517A3}.Debug|x86.ActiveCfg = Debug|x86
		{72AFCFE8-C9E9-45FA-9698-BEE896A517A3}.Debug|x86.Build.0 = Debug|x86
		{72AFCFE8-C9E9-45FA-9698-BEE896A517A3}.Release|Any CPU.ActiveCfg = Release|Any CPU
		{72AFCFE8-C9E9-45FA-9698-BEE896A517A3}.Release|Any CPU.Build.0 = Release|Any CPU
		{72AFCFE8-C9E9-45FA-9698-BEE896A517A3}.Release|x86.ActiveCfg = Release|x86
		{72AFCFE8-C9E9-45FA-9698-BEE896A517A3}.Release|x86.Build.0 = Release|x86
		{A2C4864F-8976-4C5B-A2BF-60AE31749BB7}.Debug|Any CPU.ActiveCfg = Debug|Any CPU
		{A2C4864F-8976-4C5B-A2BF-60AE31749BB7}.Debug|Any CPU.Build.0 = Debug|Any CPU
		{A2C4864F-8976-4C5B-A2BF-60AE31749BB7}.Debug|x86.ActiveCfg = Debug|x86
		{A2C4864F-8976-4C5B-A2BF-60AE31749BB7}.Debug|x86.Build.0 = Debug|x86
		{A2C4864F-8976-4C5B-A2BF-60AE31749BB7}.Release|Any CPU.ActiveCfg = Release|Any CPU
		{A2C4864F-8976-4C5B-A2BF-60AE31749BB7}.Release|Any CPU.Build.0 = Release|Any CPU
		{A2C4864F-8976-4C5B-A2BF-60AE31749BB7}.Release|x86.ActiveCfg = Release|x86
		{A2C4864F-8976-4C5B-A2BF-60AE31749BB7}.Release|x86.Build.0 = Release|x86
		{3BAD982E-8048-45DE-8B91-4BE885C66816}.Debug|Any CPU.ActiveCfg = Debug|Any CPU
		{3BAD982E-8048-45DE-8B91-4BE885C66816}.Debug|Any CPU.Build.0 = Debug|Any CPU
		{3BAD982E-8048-45DE-8B91-4BE885C66816}.Debug|x86.ActiveCfg = Debug|Any CPU
		{3BAD982E-8048-45DE-8B91-4BE885C66816}.Release|Any CPU.ActiveCfg = Release|Any CPU
		{3BAD982E-8048-45DE-8B91-4BE885C66816}.Release|Any CPU.Build.0 = Release|Any CPU
		{3BAD982E-8048-45DE-8B91-4BE885C66816}.Release|x86.ActiveCfg = Release|Any CPU
		{A215E837-1208-49E3-AF93-A9612223122C}.Debug|Any CPU.ActiveCfg = Debug|Any CPU
		{A215E837-1208-49E3-AF93-A9612223122C}.Debug|Any CPU.Build.0 = Debug|Any CPU
		{A215E837-1208-49E3-AF93-A9612223122C}.Debug|x86.ActiveCfg = Debug|Any CPU
		{A215E837-1208-49E3-AF93-A9612223122C}.Release|Any CPU.ActiveCfg = Release|Any CPU
		{A215E837-1208-49E3-AF93-A9612223122C}.Release|Any CPU.Build.0 = Release|Any CPU
		{A215E837-1208-49E3-AF93-A9612223122C}.Release|x86.ActiveCfg = Release|Any CPU
	EndGlobalSection
	GlobalSection(SolutionProperties) = preSolution
		HideSolutionNode = FALSE
	EndGlobalSection
	GlobalSection(NestedProjects) = preSolution
		{72AFCFE8-C9E9-45FA-9698-BEE896A517A3} = {9F21EEB8-8B1E-4415-88A8-99113787DC64}
		{A2C4864F-8976-4C5B-A2BF-60AE31749BB7} = {9F21EEB8-8B1E-4415-88A8-99113787DC64}
		{A215E837-1208-49E3-AF93-A9612223122C} = {9F21EEB8-8B1E-4415-88A8-99113787DC64}
	EndGlobalSection
EndGlobal
